
Microsoft Visual Studio Solution File, Format Version 12.00
# Visual Studio Version 17
VisualStudioVersion = 17.5.33516.290
MinimumVisualStudioVersion = 10.0.40219.1
Project("{FAE04EC0-301F-11D3-BF4B-00C04F79EFBC}") = "Test4_3", "Test4_3\Test4_3.csproj", "{452D1E5B-4B25-42C5-87DC-F39A03C222B9}"
EndProject
Global
	GlobalSection(SolutionConfigurationPlatforms) = preSolution
		Debug|Any CPU = Debug|Any CPU
		Release|Any CPU = Release|Any CPU
	EndGlobalSection
	GlobalSection(ProjectConfigurationPlatforms) = postSolution
		{452D1E5B-4B25-42C5-87DC-F39A03C222B9}.Debug|Any CPU.ActiveCfg = Debug|Any CPU
		{452D1E5B-4B25-42C5-87DC-F39A03C222B9}.Debug|Any CPU.Build.0 = Debug|Any CPU
		{452D1E5B-4B25-42C5-87DC-F39A03C222B9}.Release|Any CPU.ActiveCfg = Release|Any CPU
		{452D1E5B-4B25-42C5-87DC-F39A03C222B9}.Release|Any CPU.Build.0 = Release|Any CPU
	EndGlobalSection
	GlobalSection(SolutionProperties) = preSolution
		HideSolutionNode = FALSE
	EndGlobalSection
	GlobalSection(ExtensibilityGlobals) = postSolution
		SolutionGuid = {EC20C678-C3A8-4B2D-8D3A-A99B40945171}
	EndGlobalSection
EndGlobal
